// !$*UTF8*$!
{
	archiveVersion = 1;
	classes = {
	};
	objectVersion = 46;
	objects = {

/* Begin PBXBuildFile section */
		90EEB1371A3F33EA0078093C /* main.c in Sources */ = {isa = PBXBuildFile; fileRef = 90EEB1361A3F33EA0078093C /* main.c */; };
		90EEB13F1A3F34040078093C /* parabaik.c in Sources */ = {isa = PBXBuildFile; fileRef = 90EEB13D1A3F34040078093C /* parabaik.c */; };
		90EEB1411A3F504A0078093C /* libicucore.dylib in Frameworks */ = {isa = PBXBuildFile; fileRef = 90EEB1401A3F504A0078093C /* libicucore.dylib */; };
/* End PBXBuildFile section */

/* Begin PBXCopyFilesBuildPhase section */
		90EEB1311A3F33EA0078093C /* CopyFiles */ = {
			isa = PBXCopyFilesBuildPhase;
			buildActionMask = 2147483647;
			dstPath = /usr/share/man/man1/;
			dstSubfolderSpec = 0;
			files = (
			);
			runOnlyForDeploymentPostprocessing = 1;
		};
/* End PBXCopyFilesBuildPhase section */

/* Begin PBXFileReference section */
		90EEB1331A3F33EA0078093C /* parabaik-C-converter */ = {isa = PBXFileReference; explicitFileType = "compiled.mach-o.executable"; includeInIndex = 0; path = "parabaik-C-converter"; sourceTree = BUILT_PRODUCTS_DIR; };
		90EEB1361A3F33EA0078093C /* main.c */ = {isa = PBXFileReference; lastKnownFileType = sourcecode.c.c; path = main.c; sourceTree = "<group>"; };
		90EEB13D1A3F34040078093C /* parabaik.c */ = {isa = PBXFileReference; fileEncoding = 4; lastKnownFileType = sourcecode.c.c; path = parabaik.c; sourceTree = "<group>"; };
		90EEB13E1A3F34040078093C /* parabaik.h */ = {isa = PBXFileReference; fileEncoding = 4; lastKnownFileType = sourcecode.c.h; path = parabaik.h; sourceTree = "<group>"; };
		90EEB1401A3F504A0078093C /* libicucore.dylib */ = {isa = PBXFileReference; lastKnownFileType = "compiled.mach-o.dylib"; name = libicucore.dylib; path = usr/lib/libicucore.dylib; sourceTree = SDKROOT; };
/* End PBXFileReference section */

/* Begin PBXFrameworksBuildPhase section */
		90EEB1301A3F33EA0078093C /* Frameworks */ = {
			isa = PBXFrameworksBuildPhase;
			buildActionMask = 2147483647;
			files = (
				90EEB1411A3F504A0078093C /* libicucore.dylib in Frameworks */,
			);
			runOnlyForDeploymentPostprocessing = 0;
		};
/* End PBXFrameworksBuildPhase section */

/* Begin PBXGroup section */
		90EEB12A1A3F33EA0078093C = {
			isa = PBXGroup;
			children = (
				90EEB1401A3F504A0078093C /* libicucore.dylib */,
				90EEB1351A3F33EA0078093C /* parabaik-C-converter */,
				90EEB1341A3F33EA0078093C /* Products */,
			);
			sourceTree = "<group>";
		};
		90EEB1341A3F33EA0078093C /* Products */ = {
			isa = PBXGroup;
			children = (
				90EEB1331A3F33EA0078093C /* parabaik-C-converter */,
			);
			name = Products;
			sourceTree = "<group>";
		};
		90EEB1351A3F33EA0078093C /* parabaik-C-converter */ = {
			isa = PBXGroup;
			children = (
				90EEB1361A3F33EA0078093C /* main.c */,
				90EEB13D1A3F34040078093C /* parabaik.c */,
				90EEB13E1A3F34040078093C /* parabaik.h */,
			);
			path = "parabaik-C-converter";
			sourceTree = "<group>";
		};
/* End PBXGroup section */

/* Begin PBXNativeTarget section */
		90EEB1321A3F33EA0078093C /* parabaik-C-converter */ = {
			isa = PBXNativeTarget;
			buildConfigurationList = 90EEB13A1A3F33EA0078093C /* Build configuration list for PBXNativeTarget "parabaik-C-converter" */;
			buildPhases = (
				90EEB12F1A3F33EA0078093C /* Sources */,
				90EEB1301A3F33EA0078093C /* Frameworks */,
				90EEB1311A3F33EA0078093C /* CopyFiles */,
			);
			buildRules = (
			);
			dependencies = (
			);
			name = "parabaik-C-converter";
			productName = "parabaik-C-converter";
			productReference = 90EEB1331A3F33EA0078093C /* parabaik-C-converter */;
			productType = "com.apple.product-type.tool";
		};
/* End PBXNativeTarget section */

/* Begin PBXProject section */
		90EEB12B1A3F33EA0078093C /* Project object */ = {
			isa = PBXProject;
			attributes = {
				LastUpgradeCheck = 0610;
				ORGANIZATIONNAME = myOpenware;
				TargetAttributes = {
					90EEB1321A3F33EA0078093C = {
						CreatedOnToolsVersion = 6.1.1;
					};
				};
			};
			buildConfigurationList = 90EEB12E1A3F33EA0078093C /* Build configuration list for PBXProject "parabaik-C-converter" */;
			compatibilityVersion = "Xcode 3.2";
			developmentRegion = English;
			hasScannedForEncodings = 0;
			knownRegions = (
				en,
			);
			mainGroup = 90EEB12A1A3F33EA0078093C;
			productRefGroup = 90EEB1341A3F33EA0078093C /* Products */;
			projectDirPath = "";
			projectRoot = "";
			targets = (
				90EEB1321A3F33EA0078093C /* parabaik-C-converter */,
			);
		};
/* End PBXProject section */

/* Begin PBXSourcesBuildPhase section */
		90EEB12F1A3F33EA0078093C /* Sources */ = {
			isa = PBXSourcesBuildPhase;
			buildActionMask = 2147483647;
			files = (
				90EEB13F1A3F34040078093C /* parabaik.c in Sources */,
				90EEB1371A3F33EA0078093C /* main.c in Sources */,
			);
			runOnlyForDeploymentPostprocessing = 0;
		};
/* End PBXSourcesBuildPhase section */

/* Begin XCBuildConfiguration section */
		90EEB1381A3F33EA0078093C /* Debug */ = {
			isa = XCBuildConfiguration;
			buildSettings = {
				ALWAYS_SEARCH_USER_PATHS = NO;
				CLANG_CXX_LANGUAGE_STANDARD = "gnu++0x";
				CLANG_CXX_LIBRARY = "libc++";
				CLANG_ENABLE_MODULES = YES;
				CLANG_ENABLE_OBJC_ARC = YES;
				CLANG_WARN_BOOL_CONVERSION = YES;
				CLANG_WARN_CONSTANT_CONVERSION = YES;
				CLANG_WARN_DIRECT_OBJC_ISA_USAGE = YES_ERROR;
				CLANG_WARN_EMPTY_BODY = YES;
				CLANG_WARN_ENUM_CONVERSION = YES;
				CLANG_WARN_INT_CONVERSION = YES;
				CLANG_WARN_OBJC_ROOT_CLASS = YES_ERROR;
				CLANG_WARN_UNREACHABLE_CODE = YES;
				CLANG_WARN__DUPLICATE_METHOD_MATCH = YES;
				COPY_PHASE_STRIP = NO;
				ENABLE_STRICT_OBJC_MSGSEND = YES;
				GCC_C_LANGUAGE_STANDARD = gnu99;
				GCC_DYNAMIC_NO_PIC = NO;
				GCC_OPTIMIZATION_LEVEL = 0;
				GCC_PREPROCESSOR_DEFINITIONS = (
					"DEBUG=1",
					"$(inherited)",
				);
				GCC_SYMBOLS_PRIVATE_EXTERN = NO;
				GCC_WARN_64_TO_32_BIT_CONVERSION = YES;
				GCC_WARN_ABOUT_RETURN_TYPE = YES_ERROR;
				GCC_WARN_UNDECLARED_SELECTOR = YES;
				GCC_WARN_UNINITIALIZED_AUTOS = YES_AGGRESSIVE;
				GCC_WARN_UNUSED_FUNCTION = YES;
				GCC_WARN_UNUSED_VARIABLE = YES;
				MACOSX_DEPLOYMENT_TARGET = 10.9;
				MTL_ENABLE_DEBUG_INFO = YES;
				ONLY_ACTIVE_ARCH = YES;
				SDKROOT = macosx;
			};
			name = Debug;
		};
		90EEB1391A3F33EA0078093C /* Release */ = {
			isa = XCBuildConfiguration;
			buildSettings = {
				ALWAYS_SEARCH_USER_PATHS = NO;
				CLANG_CXX_LANGUAGE_STANDARD = "gnu++0x";
				CLANG_CXX_LIBRARY = "libc++";
				CLANG_ENABLE_MODULES = YES;
				CLANG_ENABLE_OBJC_ARC = YES;
				CLANG_WARN_BOOL_CONVERSION = YES;
				CLANG_WARN_CONSTANT_CONVERSION = YES;
				CLANG_WARN_DIRECT_OBJC_ISA_USAGE = YES_ERROR;
				CLANG_WARN_EMPTY_BODY = YES;
				CLANG_WARN_ENUM_CONVERSION = YES;
				CLANG_WARN_INT_CONVERSION = YES;
				CLANG_WARN_OBJC_ROOT_CLASS = YES_ERROR;
				CLANG_WARN_UNREACHABLE_CODE = YES;
				CLANG_WARN__DUPLICATE_METHOD_MATCH = YES;
				COPY_PHASE_STRIP = YES;
				DEBUG_INFORMATION_FORMAT = "dwarf-with-dsym";
				ENABLE_NS_ASSERTIONS = NO;
				ENABLE_STRICT_OBJC_MSGSEND = YES;
				GCC_C_LANGUAGE_STANDARD = gnu99;
				GCC_WARN_64_TO_32_BIT_CONVERSION = YES;
				GCC_WARN_ABOUT_RETURN_TYPE = YES_ERROR;
				GCC_WARN_UNDECLARED_SELECTOR = YES;
				GCC_WARN_UNINITIALIZED_AUTOS = YES_AGGRESSIVE;
				GCC_WARN_UNUSED_FUNCTION = YES;
				GCC_WARN_UNUSED_VARIABLE = YES;
				MACOSX_DEPLOYMENT_TARGET = 10.9;
				MTL_ENABLE_DEBUG_INFO = NO;
				SDKROOT = macosx;
			};
			name = Release;
		};
		90EEB13B1A3F33EA0078093C /* Debug */ = {
			isa = XCBuildConfiguration;
			buildSettings = {
				HEADER_SEARCH_PATHS = (
					"$(inherited)",
					/Applications/Xcode.app/Contents/Developer/Toolchains/XcodeDefault.xctoolchain/usr/include,
					/usr/local/include/,
				);
				PRODUCT_NAME = "$(TARGET_NAME)";
			};
			name = Debug;
		};
		90EEB13C1A3F33EA0078093C /* Release */ = {
			isa = XCBuildConfiguration;
			buildSettings = {
				HEADER_SEARCH_PATHS = (
					"$(inherited)",
					/Applications/Xcode.app/Contents/Developer/Toolchains/XcodeDefault.xctoolchain/usr/include,
					/usr/local/include/,
				);
				PRODUCT_NAME = "$(TARGET_NAME)";
			};
			name = Release;
		};
/* End XCBuildConfiguration section */

/* Begin XCConfigurationList section */
		90EEB12E1A3F33EA0078093C /* Build configuration list for PBXProject "parabaik-C-converter" */ = {
			isa = XCConfigurationList;
			buildConfigurations = (
				90EEB1381A3F33EA0078093C /* Debug */,
				90EEB1391A3F33EA0078093C /* Release */,
			);
			defaultConfigurationIsVisible = 0;
			defaultConfigurationName = Release;
		};
		90EEB13A1A3F33EA0078093C /* Build configuration list for PBXNativeTarget "parabaik-C-converter" */ = {
			isa = XCConfigurationList;
			buildConfigurations = (
				90EEB13B1A3F33EA0078093C /* Debug */,
				90EEB13C1A3F33EA0078093C /* Release */,
			);
			defaultConfigurationIsVisible = 0;
		};
/* End XCConfigurationList section */
	};
	rootObject = 90EEB12B1A3F33EA0078093C /* Project object */;
}
